--- 
dependencies: 
  libxml-ruby: 
    group: 
    - :test
    version: ~> 1.1
    require: 
    - libxml
  uuid: 
    group: 
    - :default
    version: ~> 2.3
  rspec: 
    group: 
    - :test
    version: ~> 1.3
    require: 
    - spec
  thin: 
    group: 
    - :test
    version: ~> 1.2
    require: 
    - rack/test
  webrat: 
    group: 
    - :test
    version: ~> 0.7
  sinatra: 
    group: 
    - :default
    version: ~> 1.0
  rack-test: 
    group: 
    - :test
    version: ~> 0.5
    require: 
    - rack/test
specs: 
- daemons: 
    version: 1.0.10
- eventmachine: 
    version: 0.12.10
- libxml-ruby: 
    version: 1.1.4
- macaddr: 
    version: 1.0.0
- nokogiri: 
    version: 1.4.2
- rack: 
    version: 1.1.0
- rack-test: 
    version: 0.5.4
- rspec: 
    version: 1.3.0
- sinatra: 
    version: "1.0"
- thin: 
    version: 1.2.7
- uuid: 
    version: 2.3.1
- webrat: 
    version: 0.7.1
hash: e11edf4ea04be33b7a9394e44e6e30630ec500d9
sources: 
- Rubygems: 
    uri: http://rubygems.org
